
Microsoft Visual Studio Solution File, Format Version 12.00
# Visual Studio 15
VisualStudioVersion = 15.0.28307.271
MinimumVisualStudioVersion = 10.0.40219.1
Project("{FAE04EC0-301F-11D3-BF4B-00C04F79EFBC}") = "TMS", "TMS\TMS.csproj", "{E015A450-DAED-4D93-AA6F-8D845F29D8B4}"
EndProject
Project("{54435603-DBB4-11D2-8724-00A0C9A8B90C}") = "TMSsetup", "TMSsetup\TMSsetup.vdproj", "{0820CA70-FD45-4F01-B3FA-8AFB6606AF1D}"
EndProject
Global
	GlobalSection(SolutionConfigurationPlatforms) = preSolution
		Debug|Any CPU = Debug|Any CPU
		Release|Any CPU = Release|Any CPU
	EndGlobalSection
	GlobalSection(ProjectConfigurationPlatforms) = postSolution
		{E015A450-DAED-4D93-AA6F-8D845F29D8B4}.Debug|Any CPU.ActiveCfg = Debug|Any CPU
		{E015A450-DAED-4D93-AA6F-8D845F29D8B4}.Debug|Any CPU.Build.0 = Debug|Any CPU
		{E015A450-DAED-4D93-AA6F-8D845F29D8B4}.Release|Any CPU.ActiveCfg = Release|Any CPU
		{E015A450-DAED-4D93-AA6F-8D845F29D8B4}.Release|Any CPU.Build.0 = Release|Any CPU
		{0820CA70-FD45-4F01-B3FA-8AFB6606AF1D}.Debug|Any CPU.ActiveCfg = Debug
		{0820CA70-FD45-4F01-B3FA-8AFB6606AF1D}.Release|Any CPU.ActiveCfg = Release
	EndGlobalSection
	GlobalSection(SolutionProperties) = preSolution
		HideSolutionNode = FALSE
	EndGlobalSection
	GlobalSection(ExtensibilityGlobals) = postSolution
		SolutionGuid = {9CDE0D78-950E-4B98-B3B9-44A6794FFA73}
	EndGlobalSection
EndGlobal
